# This file is automatically @generated by Poetry 2.1.2 and should not be changed by hand.
[tool.poetry]
name = "drf"
version = "0.1.0"
description = ""
authors = ["Your Name <your.email@example.com>"]
readme = "README.md"

[tool.poetry.dependencies]
python = "^3.9"
Django = "^5.1.8"
djangorestframework = "^3.16.0"
djangorestframework_simplejwt = "^5.5.0"
django-cors-headers = "^4.7.0"
psycopg2-binary = "^2.9.10"
celery = "^5.5.1"
redis = "^5.2.1"
django-celery-beat = "^2.7.0"
drf-spectacular = "^0.28.0"
drf-yasg = "^1.21.10"
python-dotenv = "^1.1.0"
django-timezone-field = "^7.1"
PyYAML = "^6.0.2"
requests = "^2.32.3"
requests-toolbelt = "^1.0.0"
urllib3 = "^2.4.0"
pytz = "^2025.2"

[tool.poetry.group.dev.dependencies]
flake8 = "^7.2.0"
coverage = "^7.8.0"
crashtest = "^0.4.1"
build = "^1.2.2.post1"
installer = "^0.7.0"
virtualenv = "^20.30.0"
pycodestyle = "^2.13.0"
pyflakes = "^3.3.2"
mccabe = "^0.7.0"

[tool.poetry.group.telegram.dependencies]
pyTelegramBotAPI = "^4.26.0"
python-telegram-bot = "^22.0"
Telethon = "^1.39.0"

[build-system]
requires = ["poetry-core"]
build-backend = "poetry.core.masonry.api"

package = []

[metadata]
lock-version = "2.1"
python-versions = ">=3.12"
content-hash = "75265641fd1a3f2a4d608312a3879427b7141ac2a51d0873da5711cbc8ead28e"
